schema: '2.0'
stages:
  feature_engineering:
    cmd: python -m src.features.feature_engineering
    deps:
    - path: configs/model_config.yaml
      hash: md5
      md5: 9740fd365d0326b37eb2d1426805a9ef
      size: 1908
    - path: src/features/feature_engineering.py
      hash: md5
      md5: 52ba94ad4f5c17adfd5c24d15ecceb89
      size: 3329
    params:
      configs/model_config.yaml:
        data.window_size: 30
    outs:
    - path: data/processed
      hash: md5
      md5: ce8b4061e47be48c01bc050616df960c.dir
      size: 1405725
      nfiles: 3
  train:
    cmd: python -m src.models.train
    deps:
    - path: configs/model_config.yaml
      hash: md5
      md5: 9740fd365d0326b37eb2d1426805a9ef
      size: 1908
    - path: data/processed
      hash: md5
      md5: ce8b4061e47be48c01bc050616df960c.dir
      size: 1405725
      nfiles: 3
    - path: src/models/lstm_factory.py
      hash: md5
      md5: 346d3e54555c0e16025f337404c4d0c7
      size: 535
    - path: src/models/lstm_model.py
      hash: md5
      md5: 39ec4695cbb9257a213b8955134ff22e
      size: 1521
    - path: src/models/lstm_params.py
      hash: md5
      md5: e26f97aae11bcf20234e96205e19b96c
      size: 555
    - path: src/models/train.py
      hash: md5
      md5: 623217202d62b94d1c8e9869f0d005f3
      size: 9177
    params:
      configs/model_config.yaml:
        business_metric:
          name: sigma_tolerance
          description: Erro da previsão em desvios-padrão do preço observado
          tolerance: 0.5
          window_size: 30
        model:
          input_size: 6
          hidden_size: 128
          num_layers: 2
          output_size: 1
          dropout_rate: 0.2
        training:
          learning_rate: 0.001
          num_epochs: 30
          batch_size: 32
          early_stopping_patience: 5
    outs:
    - path: model_weights.pt
      hash: md5
      md5: 446f9f2c83588ef14537293019189ffd
      size: 811148
    - path: scaler.pkl
      hash: md5
      md5: f15571b998a2c48647a2d732453622e7
      size: 909
  evaluate:
    cmd: python -m evaluation.ragas_eval
    deps:
    - path: configs/model_config.yaml
      hash: md5
      md5: 2a0b6a718cadbbaf743d573a678d8f7b
      size: 1761
    - path: data/golden_set/golden_set.json
      hash: md5
      md5: 3e6e10cafc93ea01a69b8d688b693240
      size: 802
    - path: evaluation/ragas_eval.py
      hash: md5
      md5: 212a728424288a4470cdbd94ca27c04d
      size: 5837
    - path: src/agent/react_agent.py
      hash: md5
      md5: d4943f35d0516ebe92c717af97671aad
      size: 3333
    outs:
    - path: ragas_detailed_report.csv
      hash: md5
      md5: acf6d4778da05d873cbc22f4adf1da68
      size: 105
